
Microsoft Visual Studio Solution File, Format Version 12.00
# Visual Studio Version 17
VisualStudioVersion = 17.3.32825.248
MinimumVisualStudioVersion = 10.0.40219.1
Project("{FAE04EC0-301F-11D3-BF4B-00C04F79EFBC}") = "SportWearManage", "SportWearManage\SportWearManage.csproj", "{DF8B4ED4-62B5-4345-96FD-FABFC0683E65}"
EndProject
Global
	GlobalSection(SolutionConfigurationPlatforms) = preSolution
		Debug|Any CPU = Debug|Any CPU
		Release|Any CPU = Release|Any CPU
	EndGlobalSection
	GlobalSection(ProjectConfigurationPlatforms) = postSolution
		{DF8B4ED4-62B5-4345-96FD-FABFC0683E65}.Debug|Any CPU.ActiveCfg = Debug|Any CPU
		{DF8B4ED4-62B5-4345-96FD-FABFC0683E65}.Debug|Any CPU.Build.0 = Debug|Any CPU
		{DF8B4ED4-62B5-4345-96FD-FABFC0683E65}.Release|Any CPU.ActiveCfg = Release|Any CPU
		{DF8B4ED4-62B5-4345-96FD-FABFC0683E65}.Release|Any CPU.Build.0 = Release|Any CPU
	EndGlobalSection
	GlobalSection(SolutionProperties) = preSolution
		HideSolutionNode = FALSE
	EndGlobalSection
	GlobalSection(ExtensibilityGlobals) = postSolution
		SolutionGuid = {496F7589-4CA2-4962-BB82-E9E36EB0E0FF}
	EndGlobalSection
EndGlobal
